
Microsoft Visual Studio Solution File, Format Version 12.00
# Visual Studio Version 17
VisualStudioVersion = 17.1.32210.238
MinimumVisualStudioVersion = 10.0.40219.1
Project("{FAE04EC0-301F-11D3-BF4B-00C04F79EFBC}") = "RGZ", "RGZ\RGZ.csproj", "{981F488F-581A-4B11-BB66-76795B6EAB2C}"
EndProject
Global
	GlobalSection(SolutionConfigurationPlatforms) = preSolution
		Debug|Any CPU = Debug|Any CPU
		Release|Any CPU = Release|Any CPU
	EndGlobalSection
	GlobalSection(ProjectConfigurationPlatforms) = postSolution
		{981F488F-581A-4B11-BB66-76795B6EAB2C}.Debug|Any CPU.ActiveCfg = Debug|Any CPU
		{981F488F-581A-4B11-BB66-76795B6EAB2C}.Debug|Any CPU.Build.0 = Debug|Any CPU
		{981F488F-581A-4B11-BB66-76795B6EAB2C}.Release|Any CPU.ActiveCfg = Release|Any CPU
		{981F488F-581A-4B11-BB66-76795B6EAB2C}.Release|Any CPU.Build.0 = Release|Any CPU
	EndGlobalSection
	GlobalSection(SolutionProperties) = preSolution
		HideSolutionNode = FALSE
	EndGlobalSection
	GlobalSection(ExtensibilityGlobals) = postSolution
		SolutionGuid = {EFA3020E-C69C-425B-A93F-B4C57E4B7834}
	EndGlobalSection
EndGlobal
